<?xml version="1.0" encoding="utf-8"?>
<Project ToolsVersion="4.0" xmlns="http://schemas.microsoft.com/developer/msbuild/2003">
  <ItemGroup>
    <Filter Include="Source Files">
      <UniqueIdentifier>{4FC737F1-C7A5-4376-A066-2A32D752A2FF}</UniqueIdentifier>
      <Extensions>cpp;c;cc;cxx;c++;cppm;ixx;def;odl;idl;hpj;bat;asm;asmx</Extensions>
    </Filter>
    <Filter Include="Resource Files">
      <UniqueIdentifier>{67DA6AB6-F800-4c08-8B7A-83BB121AAD01}</UniqueIdentifier>
      <Extensions>rc;ico;cur;bmp;dlg;rc2;rct;bin;rgs;gif;jpg;jpeg;jpe;resx;tiff;tif;png;wav;mfcribbon-ms</Extensions>
    </Filter>
    <Filter Include="Core Files">
      <UniqueIdentifier>{671bad40-401c-4480-ac72-90e3d059421c}</UniqueIdentifier>
    </Filter>
    <Filter Include="Core Files\Internals">
      <UniqueIdentifier>{0900f9e2-9508-4ff8-99ec-22e4f984a74a}</UniqueIdentifier>
    </Filter>
  </ItemGroup>
  <ItemGroup>
    <ClCompile Include="core\MainDialog.cpp">
      <Filter>Core Files</Filter>
    </ClCompile>
    <ClCompile Include="src\My.cpp">
      <Filter>Source Files</Filter>
    </ClCompile>
    <ClCompile Include="core\str.cpp">
      <Filter>Core Files</Filter>
    </ClCompile>
    <ClCompile Include="core\ModalDialog.cpp">
      <Filter>Core Files</Filter>
    </ClCompile>
    <ClCompile Include="core\internals\Dialog.cpp">
      <Filter>Core Files\Internals</Filter>
    </ClCompile>
    <ClCompile Include="core\Font.cpp">
      <Filter>Core Files</Filter>
    </ClCompile>
    <ClCompile Include="src\Pop.cpp">
      <Filter>Source Files</Filter>
    </ClCompile>
    <ClCompile Include="core\CustomControl.cpp">
      <Filter>Core Files</Filter>
    </ClCompile>
  </ItemGroup>
  <ItemGroup>
    <Manifest Include="res\win10.exe.manifest">
      <Filter>Resource Files</Filter>
    </Manifest>
  </ItemGroup>
  <ItemGroup>
    <ClInclude Include="res\resource.h">
      <Filter>Resource Files</Filter>
    </ClInclude>
    <ClInclude Include="core\MainDialog.h">
      <Filter>Core Files</Filter>
    </ClInclude>
    <ClInclude Include="src\My.h">
      <Filter>Source Files</Filter>
    </ClInclude>
    <ClInclude Include="core\str.h">
      <Filter>Core Files</Filter>
    </ClInclude>
    <ClInclude Include="core\ModalDialog.h">
      <Filter>Core Files</Filter>
    </ClInclude>
    <ClInclude Include="core\internals\Dialog.h">
      <Filter>Core Files\Internals</Filter>
    </ClInclude>
    <ClInclude Include="core\Font.h">
      <Filter>Core Files</Filter>
    </ClInclude>
    <ClInclude Include="src\Pop.h">
      <Filter>Source Files</Filter>
    </ClInclude>
    <ClInclude Include="core\CustomControl.h">
      <Filter>Core Files</Filter>
    </ClInclude>
  </ItemGroup>
  <ItemGroup>
    <ResourceCompile Include="res\cpp4ever.rc">
      <Filter>Resource Files</Filter>
    </ResourceCompile>
  </ItemGroup>
  <ItemGroup>
    <Image Include="res\joseph-ducreux.ico">
      <Filter>Resource Files</Filter>
    </Image>
  </ItemGroup>
</Project>